// !$*UTF8*$!
{
	archiveVersion = 1;
	classes = {
	};
	objectVersion = 56;
	objects = {

/* Begin PBXBuildFile section */
		8F1044A5290C30D400CBEA64 /* OnboardingView.swift in Sources */ = {isa = PBXBuildFile; fileRef = 8F1044A4290C30D400CBEA64 /* OnboardingView.swift */; };
		8F116C3229168DD1001F8709 /* MagnificationGestureBootcamp.swift in Sources */ = {isa = PBXBuildFile; fileRef = 8F116C3129168DD1001F8709 /* MagnificationGestureBootcamp.swift */; };
		8F116C3429169231001F8709 /* RotationGestureBootcamp.swift in Sources */ = {isa = PBXBuildFile; fileRef = 8F116C3329169231001F8709 /* RotationGestureBootcamp.swift */; };
		8F116C362916988E001F8709 /* DragGestureBootcamp.swift in Sources */ = {isa = PBXBuildFile; fileRef = 8F116C352916988E001F8709 /* DragGestureBootcamp.swift */; };
		8F116C3829169CE6001F8709 /* DragGestureBootcamp2.swift in Sources */ = {isa = PBXBuildFile; fileRef = 8F116C3729169CE6001F8709 /* DragGestureBootcamp2.swift */; };
		8F116C3A2916F01B001F8709 /* ScrollViewReaderBootcamp.swift in Sources */ = {isa = PBXBuildFile; fileRef = 8F116C392916F01B001F8709 /* ScrollViewReaderBootcamp.swift */; };
		8F1AD83B2901E015006AF6FB /* StateBootcamp.swift in Sources */ = {isa = PBXBuildFile; fileRef = 8F1AD83A2901E015006AF6FB /* StateBootcamp.swift */; };
		8F1AD83D2901E905006AF6FB /* ExtractedFunctionsBootcamp.swift in Sources */ = {isa = PBXBuildFile; fileRef = 8F1AD83C2901E905006AF6FB /* ExtractedFunctionsBootcamp.swift */; };
		8F1AD83F2901EE98006AF6FB /* ExtractSubviewsBootcamp.swift in Sources */ = {isa = PBXBuildFile; fileRef = 8F1AD83E2901EE98006AF6FB /* ExtractSubviewsBootcamp.swift */; };
		8F1B74C5290D3E4600CF454C /* AsyncImageBootcamp.swift in Sources */ = {isa = PBXBuildFile; fileRef = 8F1B74C4290D3E4600CF454C /* AsyncImageBootcamp.swift */; };
		8F1B74C7290D51D700CF454C /* backgroundMaterialsBootcamp.swift in Sources */ = {isa = PBXBuildFile; fileRef = 8F1B74C6290D51D700CF454C /* backgroundMaterialsBootcamp.swift */; };
		8F1F61B2290348AB00AE31AB /* AnimationBootcamp.swift in Sources */ = {isa = PBXBuildFile; fileRef = 8F1F61B1290348AB00AE31AB /* AnimationBootcamp.swift */; };
		8F1F61B4290350F500AE31AB /* AnimationTimingBootcamp.swift in Sources */ = {isa = PBXBuildFile; fileRef = 8F1F61B3290350F500AE31AB /* AnimationTimingBootcamp.swift */; };
		8F385E7F290E0361006292A8 /* TextSelectionBootcamp.swift in Sources */ = {isa = PBXBuildFile; fileRef = 8F385E7E290E0361006292A8 /* TextSelectionBootcamp.swift */; };
		8F3AB57E29107F4F009F900B /* FocusStateBootcamp.swift in Sources */ = {isa = PBXBuildFile; fileRef = 8F3AB57D29107F4F009F900B /* FocusStateBootcamp.swift */; };
		8F3AB580291083D3009F900B /* SubmitTextFieldBootcamp.swift in Sources */ = {isa = PBXBuildFile; fileRef = 8F3AB57F291083D3009F900B /* SubmitTextFieldBootcamp.swift */; };
		8F3F02AB28FC37A900751EF8 /* SwiftUIBootCampApp.swift in Sources */ = {isa = PBXBuildFile; fileRef = 8F3F02AA28FC37A900751EF8 /* SwiftUIBootCampApp.swift */; };
		8F3F02AD28FC37A900751EF8 /* ContentView.swift in Sources */ = {isa = PBXBuildFile; fileRef = 8F3F02AC28FC37A900751EF8 /* ContentView.swift */; };
		8F3F02AF28FC37A900751EF8 /* Assets.xcassets in Resources */ = {isa = PBXBuildFile; fileRef = 8F3F02AE28FC37A900751EF8 /* Assets.xcassets */; };
		8F3F02B228FC37A900751EF8 /* Preview Assets.xcassets in Resources */ = {isa = PBXBuildFile; fileRef = 8F3F02B128FC37A900751EF8 /* Preview Assets.xcassets */; };
		8F3F02B428FC37A900751EF8 /* Persistence.swift in Sources */ = {isa = PBXBuildFile; fileRef = 8F3F02B328FC37A900751EF8 /* Persistence.swift */; };
		8F3F02B728FC37A900751EF8 /* SwiftUIBootCamp.xcdatamodeld in Sources */ = {isa = PBXBuildFile; fileRef = 8F3F02B528FC37A900751EF8 /* SwiftUIBootCamp.xcdatamodeld */; };
		8F3F02BF28FC37DA00751EF8 /* TextBootcamp.swift in Sources */ = {isa = PBXBuildFile; fileRef = 8F3F02BE28FC37DA00751EF8 /* TextBootcamp.swift */; };
		8F3F02C128FC3A5800751EF8 /* ShapesBootcamp.swift in Sources */ = {isa = PBXBuildFile; fileRef = 8F3F02C028FC3A5800751EF8 /* ShapesBootcamp.swift */; };
		8F3F02C328FC44A600751EF8 /* ColorsBootcamp.swift in Sources */ = {isa = PBXBuildFile; fileRef = 8F3F02C228FC44A500751EF8 /* ColorsBootcamp.swift */; };
		8F3F02C528FC4ABD00751EF8 /* GradientsBootcamp.swift in Sources */ = {isa = PBXBuildFile; fileRef = 8F3F02C428FC4ABD00751EF8 /* GradientsBootcamp.swift */; };
		8F3F02C728FC53E200751EF8 /* IconsBootcamp.swift in Sources */ = {isa = PBXBuildFile; fileRef = 8F3F02C628FC53E200751EF8 /* IconsBootcamp.swift */; };
		8F3F02C928FC55E900751EF8 /* ImageBootcamp.swift in Sources */ = {isa = PBXBuildFile; fileRef = 8F3F02C828FC55E900751EF8 /* ImageBootcamp.swift */; };
		8F3F02CB28FC584F00751EF8 /* FrameBootcamp.swift in Sources */ = {isa = PBXBuildFile; fileRef = 8F3F02CA28FC584F00751EF8 /* FrameBootcamp.swift */; };
		8F3F02CD28FC9C6A00751EF8 /* BacgroundAndOverlayBootcamp.swift in Sources */ = {isa = PBXBuildFile; fileRef = 8F3F02CC28FC9C6A00751EF8 /* BacgroundAndOverlayBootcamp.swift */; };
		8F3F02CF28FCA80000751EF8 /* StacksBootcamp.swift in Sources */ = {isa = PBXBuildFile; fileRef = 8F3F02CE28FCA80000751EF8 /* StacksBootcamp.swift */; };
		8F3F2C3029064E90006E802A /* ActionsheetBootcamp.swift in Sources */ = {isa = PBXBuildFile; fileRef = 8F3F2C2F29064E90006E802A /* ActionsheetBootcamp.swift */; };
		8F3F2C32290650A2006E802A /* ContextMenuBootcamp.swift in Sources */ = {isa = PBXBuildFile; fileRef = 8F3F2C31290650A2006E802A /* ContextMenuBootcamp.swift */; };
		8F3F2C342906575B006E802A /* TextFieldAndTextEditorBootcamp.swift in Sources */ = {isa = PBXBuildFile; fileRef = 8F3F2C332906575B006E802A /* TextFieldAndTextEditorBootcamp.swift */; };
		8F3F2C3629065916006E802A /* ToggleBootcamp.swift in Sources */ = {isa = PBXBuildFile; fileRef = 8F3F2C3529065916006E802A /* ToggleBootcamp.swift */; };
		8F3F2C3829065AE2006E802A /* ModelBootcamp.swift in Sources */ = {isa = PBXBuildFile; fileRef = 8F3F2C3729065AE2006E802A /* ModelBootcamp.swift */; };
		8F519E4F28FD8C0C007F9CF2 /* ForEachBootcamp.swift in Sources */ = {isa = PBXBuildFile; fileRef = 8F519E4E28FD8C0C007F9CF2 /* ForEachBootcamp.swift */; };
		8F519E5128FD90F3007F9CF2 /* ScrollViewBootcamp.swift in Sources */ = {isa = PBXBuildFile; fileRef = 8F519E5028FD90F3007F9CF2 /* ScrollViewBootcamp.swift */; };
		8F519E5328FDA175007F9CF2 /* GridBootcamp.swift in Sources */ = {isa = PBXBuildFile; fileRef = 8F519E5228FDA175007F9CF2 /* GridBootcamp.swift */; };
		8F5BE3ED29056D73006065B8 /* ListBootcamp.swift in Sources */ = {isa = PBXBuildFile; fileRef = 8F5BE3EC29056D73006065B8 /* ListBootcamp.swift */; };
		8F5BE3EF2905862D006065B8 /* AlertBootcamp.swift in Sources */ = {isa = PBXBuildFile; fileRef = 8F5BE3EE2905862D006065B8 /* AlertBootcamp.swift */; };
		8F61FBA8290935D900F91F80 /* AppStorageBootcamp.swift in Sources */ = {isa = PBXBuildFile; fileRef = 8F61FBA7290935D900F91F80 /* AppStorageBootcamp.swift */; };
		8F6F1B452902A81F004D33A6 /* BindingBootcamp.swift in Sources */ = {isa = PBXBuildFile; fileRef = 8F6F1B442902A81F004D33A6 /* BindingBootcamp.swift */; };
		8F6F1B472902B079004D33A6 /* ConditionalBootcamp.swift in Sources */ = {isa = PBXBuildFile; fileRef = 8F6F1B462902B079004D33A6 /* ConditionalBootcamp.swift */; };
		8F6F1B49290342E6004D33A6 /* TernaryBootcamp.swift in Sources */ = {isa = PBXBuildFile; fileRef = 8F6F1B48290342E6004D33A6 /* TernaryBootcamp.swift */; };
		8F7360ED290F33A5008FDCF6 /* ButtonStylsBootcamp.swift in Sources */ = {isa = PBXBuildFile; fileRef = 8F7360EC290F33A5008FDCF6 /* ButtonStylsBootcamp.swift */; };
		8F7360EF290F390B008FDCF6 /* ListSwipeActionsButtonBootcamp.swift in Sources */ = {isa = PBXBuildFile; fileRef = 8F7360EE290F390B008FDCF6 /* ListSwipeActionsButtonBootcamp.swift */; };
		8F7360F1290F3B5C008FDCF6 /* BadgesBootcamp.swift in Sources */ = {isa = PBXBuildFile; fileRef = 8F7360F0290F3B5C008FDCF6 /* BadgesBootcamp.swift */; };
		8F7599112915FDE8006350F1 /* LongPressGestureBootcamp.swift in Sources */ = {isa = PBXBuildFile; fileRef = 8F7599102915FDE8006350F1 /* LongPressGestureBootcamp.swift */; };
		8F7A0F3028FD0E52003D76BE /* PaddingAndSpacerBootcamp.swift in Sources */ = {isa = PBXBuildFile; fileRef = 8F7A0F2F28FD0E52003D76BE /* PaddingAndSpacerBootcamp.swift */; };
		8F7A0F3228FD1222003D76BE /* SpacerBootcamp.swift in Sources */ = {isa = PBXBuildFile; fileRef = 8F7A0F3128FD1222003D76BE /* SpacerBootcamp.swift */; };
		8F7A0F3428FD150A003D76BE /* InitializerBootcamp.swift in Sources */ = {isa = PBXBuildFile; fileRef = 8F7A0F3328FD150A003D76BE /* InitializerBootcamp.swift */; };
		8F9539212907EFA500EA8659 /* ViewModelBootcamp.swift in Sources */ = {isa = PBXBuildFile; fileRef = 8F9539202907EFA500EA8659 /* ViewModelBootcamp.swift */; };
		8F9539232908457600EA8659 /* EnvironmentObjectBootcamp.swift in Sources */ = {isa = PBXBuildFile; fileRef = 8F9539222908457600EA8659 /* EnvironmentObjectBootcamp.swift */; };
		8FA36B232900B2E0007EE314 /* SafeAreaBootcamp.swift in Sources */ = {isa = PBXBuildFile; fileRef = 8FA36B222900B2E0007EE314 /* SafeAreaBootcamp.swift */; };
		8FA36B252900B9B0007EE314 /* ButtonsBootcamp.swift in Sources */ = {isa = PBXBuildFile; fileRef = 8FA36B242900B9B0007EE314 /* ButtonsBootcamp.swift */; };
		8FCD667D2904A71100E13E31 /* TransitionBootcamp.swift in Sources */ = {isa = PBXBuildFile; fileRef = 8FCD667C2904A71100E13E31 /* TransitionBootcamp.swift */; };
		8FCD667F2904AAEE00E13E31 /* SheetsBootcamp.swift in Sources */ = {isa = PBXBuildFile; fileRef = 8FCD667E2904AAEE00E13E31 /* SheetsBootcamp.swift */; };
		8FCD66812904B1B000E13E31 /* PopoverBootcamp.swift in Sources */ = {isa = PBXBuildFile; fileRef = 8FCD66802904B1B000E13E31 /* PopoverBootcamp.swift */; };
		8FCD66832904C5C500E13E31 /* NavigationViewBootcamp.swift in Sources */ = {isa = PBXBuildFile; fileRef = 8FCD66822904C5C500E13E31 /* NavigationViewBootcamp.swift */; };
		8FFBB906290AFD9D008EF69D /* introView.swift in Sources */ = {isa = PBXBuildFile; fileRef = 8FFBB905290AFD9D008EF69D /* introView.swift */; };
/* End PBXBuildFile section */

/* Begin PBXFileReference section */
		8F1044A4290C30D400CBEA64 /* OnboardingView.swift */ = {isa = PBXFileReference; lastKnownFileType = sourcecode.swift; path = OnboardingView.swift; sourceTree = "<group>"; };
		8F116C3129168DD1001F8709 /* MagnificationGestureBootcamp.swift */ = {isa = PBXFileReference; lastKnownFileType = sourcecode.swift; path = MagnificationGestureBootcamp.swift; sourceTree = "<group>"; };
		8F116C3329169231001F8709 /* RotationGestureBootcamp.swift */ = {isa = PBXFileReference; lastKnownFileType = sourcecode.swift; path = RotationGestureBootcamp.swift; sourceTree = "<group>"; };
		8F116C352916988E001F8709 /* DragGestureBootcamp.swift */ = {isa = PBXFileReference; lastKnownFileType = sourcecode.swift; path = DragGestureBootcamp.swift; sourceTree = "<group>"; };
		8F116C3729169CE6001F8709 /* DragGestureBootcamp2.swift */ = {isa = PBXFileReference; lastKnownFileType = sourcecode.swift; path = DragGestureBootcamp2.swift; sourceTree = "<group>"; };
		8F116C392916F01B001F8709 /* ScrollViewReaderBootcamp.swift */ = {isa = PBXFileReference; lastKnownFileType = sourcecode.swift; path = ScrollViewReaderBootcamp.swift; sourceTree = "<group>"; };
		8F1AD83A2901E015006AF6FB /* StateBootcamp.swift */ = {isa = PBXFileReference; lastKnownFileType = sourcecode.swift; path = StateBootcamp.swift; sourceTree = "<group>"; };
		8F1AD83C2901E905006AF6FB /* ExtractedFunctionsBootcamp.swift */ = {isa = PBXFileReference; lastKnownFileType = sourcecode.swift; path = ExtractedFunctionsBootcamp.swift; sourceTree = "<group>"; };
		8F1AD83E2901EE98006AF6FB /* ExtractSubviewsBootcamp.swift */ = {isa = PBXFileReference; lastKnownFileType = sourcecode.swift; path = ExtractSubviewsBootcamp.swift; sourceTree = "<group>"; };
		8F1B74C4290D3E4600CF454C /* AsyncImageBootcamp.swift */ = {isa = PBXFileReference; lastKnownFileType = sourcecode.swift; path = AsyncImageBootcamp.swift; sourceTree = "<group>"; };
		8F1B74C6290D51D700CF454C /* backgroundMaterialsBootcamp.swift */ = {isa = PBXFileReference; lastKnownFileType = sourcecode.swift; path = backgroundMaterialsBootcamp.swift; sourceTree = "<group>"; };
		8F1F61B1290348AB00AE31AB /* AnimationBootcamp.swift */ = {isa = PBXFileReference; lastKnownFileType = sourcecode.swift; path = AnimationBootcamp.swift; sourceTree = "<group>"; };
		8F1F61B3290350F500AE31AB /* AnimationTimingBootcamp.swift */ = {isa = PBXFileReference; lastKnownFileType = sourcecode.swift; path = AnimationTimingBootcamp.swift; sourceTree = "<group>"; };
		8F385E7E290E0361006292A8 /* TextSelectionBootcamp.swift */ = {isa = PBXFileReference; lastKnownFileType = sourcecode.swift; path = TextSelectionBootcamp.swift; sourceTree = "<group>"; };
		8F3AB57D29107F4F009F900B /* FocusStateBootcamp.swift */ = {isa = PBXFileReference; lastKnownFileType = sourcecode.swift; path = FocusStateBootcamp.swift; sourceTree = "<group>"; };
		8F3AB57F291083D3009F900B /* SubmitTextFieldBootcamp.swift */ = {isa = PBXFileReference; lastKnownFileType = sourcecode.swift; path = SubmitTextFieldBootcamp.swift; sourceTree = "<group>"; };
		8F3F02A728FC37A900751EF8 /* SwiftUIBootCamp.app */ = {isa = PBXFileReference; explicitFileType = wrapper.application; includeInIndex = 0; path = SwiftUIBootCamp.app; sourceTree = BUILT_PRODUCTS_DIR; };
		8F3F02AA28FC37A900751EF8 /* SwiftUIBootCampApp.swift */ = {isa = PBXFileReference; lastKnownFileType = sourcecode.swift; path = SwiftUIBootCampApp.swift; sourceTree = "<group>"; };
		8F3F02AC28FC37A900751EF8 /* ContentView.swift */ = {isa = PBXFileReference; lastKnownFileType = sourcecode.swift; path = ContentView.swift; sourceTree = "<group>"; };
		8F3F02AE28FC37A900751EF8 /* Assets.xcassets */ = {isa = PBXFileReference; lastKnownFileType = folder.assetcatalog; path = Assets.xcassets; sourceTree = "<group>"; };
		8F3F02B128FC37A900751EF8 /* Preview Assets.xcassets */ = {isa = PBXFileReference; lastKnownFileType = folder.assetcatalog; path = "Preview Assets.xcassets"; sourceTree = "<group>"; };
		8F3F02B328FC37A900751EF8 /* Persistence.swift */ = {isa = PBXFileReference; lastKnownFileType = sourcecode.swift; path = Persistence.swift; sourceTree = "<group>"; };
		8F3F02B628FC37A900751EF8 /* SwiftUIBootCamp.xcdatamodel */ = {isa = PBXFileReference; lastKnownFileType = wrapper.xcdatamodel; path = SwiftUIBootCamp.xcdatamodel; sourceTree = "<group>"; };
		8F3F02B828FC37A900751EF8 /* Info.plist */ = {isa = PBXFileReference; lastKnownFileType = text.plist.xml; path = Info.plist; sourceTree = "<group>"; };
		8F3F02BE28FC37DA00751EF8 /* TextBootcamp.swift */ = {isa = PBXFileReference; lastKnownFileType = sourcecode.swift; path = TextBootcamp.swift; sourceTree = "<group>"; };
		8F3F02C028FC3A5800751EF8 /* ShapesBootcamp.swift */ = {isa = PBXFileReference; lastKnownFileType = sourcecode.swift; path = ShapesBootcamp.swift; sourceTree = "<group>"; };
		8F3F02C228FC44A500751EF8 /* ColorsBootcamp.swift */ = {isa = PBXFileReference; lastKnownFileType = sourcecode.swift; path = ColorsBootcamp.swift; sourceTree = "<group>"; };
		8F3F02C428FC4ABD00751EF8 /* GradientsBootcamp.swift */ = {isa = PBXFileReference; lastKnownFileType = sourcecode.swift; path = GradientsBootcamp.swift; sourceTree = "<group>"; };
		8F3F02C628FC53E200751EF8 /* IconsBootcamp.swift */ = {isa = PBXFileReference; lastKnownFileType = sourcecode.swift; path = IconsBootcamp.swift; sourceTree = "<group>"; };
		8F3F02C828FC55E900751EF8 /* ImageBootcamp.swift */ = {isa = PBXFileReference; lastKnownFileType = sourcecode.swift; path = ImageBootcamp.swift; sourceTree = "<group>"; };
		8F3F02CA28FC584F00751EF8 /* FrameBootcamp.swift */ = {isa = PBXFileReference; lastKnownFileType = sourcecode.swift; path = FrameBootcamp.swift; sourceTree = "<group>"; };
		8F3F02CC28FC9C6A00751EF8 /* BacgroundAndOverlayBootcamp.swift */ = {isa = PBXFileReference; lastKnownFileType = sourcecode.swift; path = BacgroundAndOverlayBootcamp.swift; sourceTree = "<group>"; };
		8F3F02CE28FCA80000751EF8 /* StacksBootcamp.swift */ = {isa = PBXFileReference; lastKnownFileType = sourcecode.swift; path = StacksBootcamp.swift; sourceTree = "<group>"; };
		8F3F2C2F29064E90006E802A /* ActionsheetBootcamp.swift */ = {isa = PBXFileReference; lastKnownFileType = sourcecode.swift; path = ActionsheetBootcamp.swift; sourceTree = "<group>"; };
		8F3F2C31290650A2006E802A /* ContextMenuBootcamp.swift */ = {isa = PBXFileReference; lastKnownFileType = sourcecode.swift; path = ContextMenuBootcamp.swift; sourceTree = "<group>"; };
		8F3F2C332906575B006E802A /* TextFieldAndTextEditorBootcamp.swift */ = {isa = PBXFileReference; lastKnownFileType = sourcecode.swift; path = TextFieldAndTextEditorBootcamp.swift; sourceTree = "<group>"; };
		8F3F2C3529065916006E802A /* ToggleBootcamp.swift */ = {isa = PBXFileReference; lastKnownFileType = sourcecode.swift; path = ToggleBootcamp.swift; sourceTree = "<group>"; };
		8F3F2C3729065AE2006E802A /* ModelBootcamp.swift */ = {isa = PBXFileReference; lastKnownFileType = sourcecode.swift; path = ModelBootcamp.swift; sourceTree = "<group>"; };
		8F519E4E28FD8C0C007F9CF2 /* ForEachBootcamp.swift */ = {isa = PBXFileReference; lastKnownFileType = sourcecode.swift; path = ForEachBootcamp.swift; sourceTree = "<group>"; };
		8F519E5028FD90F3007F9CF2 /* ScrollViewBootcamp.swift */ = {isa = PBXFileReference; lastKnownFileType = sourcecode.swift; path = ScrollViewBootcamp.swift; sourceTree = "<group>"; };
		8F519E5228FDA175007F9CF2 /* GridBootcamp.swift */ = {isa = PBXFileReference; lastKnownFileType = sourcecode.swift; path = GridBootcamp.swift; sourceTree = "<group>"; };
		8F5BE3EC29056D73006065B8 /* ListBootcamp.swift */ = {isa = PBXFileReference; lastKnownFileType = sourcecode.swift; path = ListBootcamp.swift; sourceTree = "<group>"; };
		8F5BE3EE2905862D006065B8 /* AlertBootcamp.swift */ = {isa = PBXFileReference; lastKnownFileType = sourcecode.swift; path = AlertBootcamp.swift; sourceTree = "<group>"; };
		8F61FBA7290935D900F91F80 /* AppStorageBootcamp.swift */ = {isa = PBXFileReference; lastKnownFileType = sourcecode.swift; path = AppStorageBootcamp.swift; sourceTree = "<group>"; };
		8F6F1B442902A81F004D33A6 /* BindingBootcamp.swift */ = {isa = PBXFileReference; lastKnownFileType = sourcecode.swift; path = BindingBootcamp.swift; sourceTree = "<group>"; };
		8F6F1B462902B079004D33A6 /* ConditionalBootcamp.swift */ = {isa = PBXFileReference; lastKnownFileType = sourcecode.swift; path = ConditionalBootcamp.swift; sourceTree = "<group>"; };
		8F6F1B48290342E6004D33A6 /* TernaryBootcamp.swift */ = {isa = PBXFileReference; lastKnownFileType = sourcecode.swift; path = TernaryBootcamp.swift; sourceTree = "<group>"; };
		8F7360EC290F33A5008FDCF6 /* ButtonStylsBootcamp.swift */ = {isa = PBXFileReference; lastKnownFileType = sourcecode.swift; path = ButtonStylsBootcamp.swift; sourceTree = "<group>"; };
		8F7360EE290F390B008FDCF6 /* ListSwipeActionsButtonBootcamp.swift */ = {isa = PBXFileReference; lastKnownFileType = sourcecode.swift; path = ListSwipeActionsButtonBootcamp.swift; sourceTree = "<group>"; };
		8F7360F0290F3B5C008FDCF6 /* BadgesBootcamp.swift */ = {isa = PBXFileReference; lastKnownFileType = sourcecode.swift; path = BadgesBootcamp.swift; sourceTree = "<group>"; };
		8F7599102915FDE8006350F1 /* LongPressGestureBootcamp.swift */ = {isa = PBXFileReference; lastKnownFileType = sourcecode.swift; path = LongPressGestureBootcamp.swift; sourceTree = "<group>"; };
		8F7A0F2F28FD0E52003D76BE /* PaddingAndSpacerBootcamp.swift */ = {isa = PBXFileReference; lastKnownFileType = sourcecode.swift; path = PaddingAndSpacerBootcamp.swift; sourceTree = "<group>"; };
		8F7A0F3128FD1222003D76BE /* SpacerBootcamp.swift */ = {isa = PBXFileReference; lastKnownFileType = sourcecode.swift; path = SpacerBootcamp.swift; sourceTree = "<group>"; };
		8F7A0F3328FD150A003D76BE /* InitializerBootcamp.swift */ = {isa = PBXFileReference; lastKnownFileType = sourcecode.swift; path = InitializerBootcamp.swift; sourceTree = "<group>"; };
		8F9539202907EFA500EA8659 /* ViewModelBootcamp.swift */ = {isa = PBXFileReference; lastKnownFileType = sourcecode.swift; path = ViewModelBootcamp.swift; sourceTree = "<group>"; };
		8F9539222908457600EA8659 /* EnvironmentObjectBootcamp.swift */ = {isa = PBXFileReference; lastKnownFileType = sourcecode.swift; path = EnvironmentObjectBootcamp.swift; sourceTree = "<group>"; };
		8FA36B222900B2E0007EE314 /* SafeAreaBootcamp.swift */ = {isa = PBXFileReference; lastKnownFileType = sourcecode.swift; path = SafeAreaBootcamp.swift; sourceTree = "<group>"; };
		8FA36B242900B9B0007EE314 /* ButtonsBootcamp.swift */ = {isa = PBXFileReference; lastKnownFileType = sourcecode.swift; path = ButtonsBootcamp.swift; sourceTree = "<group>"; };
		8FCD667C2904A71100E13E31 /* TransitionBootcamp.swift */ = {isa = PBXFileReference; lastKnownFileType = sourcecode.swift; path = TransitionBootcamp.swift; sourceTree = "<group>"; };
		8FCD667E2904AAEE00E13E31 /* SheetsBootcamp.swift */ = {isa = PBXFileReference; lastKnownFileType = sourcecode.swift; path = SheetsBootcamp.swift; sourceTree = "<group>"; };
		8FCD66802904B1B000E13E31 /* PopoverBootcamp.swift */ = {isa = PBXFileReference; lastKnownFileType = sourcecode.swift; path = PopoverBootcamp.swift; sourceTree = "<group>"; };
		8FCD66822904C5C500E13E31 /* NavigationViewBootcamp.swift */ = {isa = PBXFileReference; lastKnownFileType = sourcecode.swift; path = NavigationViewBootcamp.swift; sourceTree = "<group>"; };
		8FFBB905290AFD9D008EF69D /* introView.swift */ = {isa = PBXFileReference; lastKnownFileType = sourcecode.swift; path = introView.swift; sourceTree = "<group>"; };
/* End PBXFileReference section */

/* Begin PBXFrameworksBuildPhase section */
		8F3F02A428FC37A900751EF8 /* Frameworks */ = {
			isa = PBXFrameworksBuildPhase;
			buildActionMask = 2147483647;
			files = (
			);
			runOnlyForDeploymentPostprocessing = 0;
		};
/* End PBXFrameworksBuildPhase section */

/* Begin PBXGroup section */
		8F3F029E28FC37A900751EF8 = {
			isa = PBXGroup;
			children = (
				8F3F02A928FC37A900751EF8 /* SwiftUIBootCamp */,
				8F3F02A828FC37A900751EF8 /* Products */,
			);
			sourceTree = "<group>";
		};
		8F3F02A828FC37A900751EF8 /* Products */ = {
			isa = PBXGroup;
			children = (
				8F3F02A728FC37A900751EF8 /* SwiftUIBootCamp.app */,
			);
			name = Products;
			sourceTree = "<group>";
		};
		8F3F02A928FC37A900751EF8 /* SwiftUIBootCamp */ = {
			isa = PBXGroup;
			children = (
				8F3F02AA28FC37A900751EF8 /* SwiftUIBootCampApp.swift */,
				8F75990E2915FCB4006350F1 /* begineerLevel */,
				8F3F02AC28FC37A900751EF8 /* ContentView.swift */,
				8F75990F2915FD75006350F1 /* IntermediateLevel */,
				8F3F02AE28FC37A900751EF8 /* Assets.xcassets */,
				8F3F02B328FC37A900751EF8 /* Persistence.swift */,
				8F3F02B828FC37A900751EF8 /* Info.plist */,
				8F3F02B528FC37A900751EF8 /* SwiftUIBootCamp.xcdatamodeld */,
				8F3F02B028FC37A900751EF8 /* Preview Content */,
			);
			path = SwiftUIBootCamp;
			sourceTree = "<group>";
		};
		8F3F02B028FC37A900751EF8 /* Preview Content */ = {
			isa = PBXGroup;
			children = (
				8F3F02B128FC37A900751EF8 /* Preview Assets.xcassets */,
			);
			path = "Preview Content";
			sourceTree = "<group>";
		};
		8F75990E2915FCB4006350F1 /* begineerLevel */ = {
			isa = PBXGroup;
			children = (
				8F3F02BE28FC37DA00751EF8 /* TextBootcamp.swift */,
				8F3F02C628FC53E200751EF8 /* IconsBootcamp.swift */,
				8F3F02C228FC44A500751EF8 /* ColorsBootcamp.swift */,
				8F3F02C028FC3A5800751EF8 /* ShapesBootcamp.swift */,
				8F3F02C428FC4ABD00751EF8 /* GradientsBootcamp.swift */,
				8F3F02C828FC55E900751EF8 /* ImageBootcamp.swift */,
				8F3F02CA28FC584F00751EF8 /* FrameBootcamp.swift */,
				8F3F02CC28FC9C6A00751EF8 /* BacgroundAndOverlayBootcamp.swift */,
				8F3F02CE28FCA80000751EF8 /* StacksBootcamp.swift */,
				8F7A0F2F28FD0E52003D76BE /* PaddingAndSpacerBootcamp.swift */,
				8F7A0F3128FD1222003D76BE /* SpacerBootcamp.swift */,
				8F7A0F3328FD150A003D76BE /* InitializerBootcamp.swift */,
				8F519E4E28FD8C0C007F9CF2 /* ForEachBootcamp.swift */,
				8F519E5028FD90F3007F9CF2 /* ScrollViewBootcamp.swift */,
				8F519E5228FDA175007F9CF2 /* GridBootcamp.swift */,
				8FA36B222900B2E0007EE314 /* SafeAreaBootcamp.swift */,
				8F1AD83A2901E015006AF6FB /* StateBootcamp.swift */,
				8FA36B242900B9B0007EE314 /* ButtonsBootcamp.swift */,
				8F1AD83C2901E905006AF6FB /* ExtractedFunctionsBootcamp.swift */,
				8F1AD83E2901EE98006AF6FB /* ExtractSubviewsBootcamp.swift */,
				8F6F1B442902A81F004D33A6 /* BindingBootcamp.swift */,
				8F6F1B462902B079004D33A6 /* ConditionalBootcamp.swift */,
				8F6F1B48290342E6004D33A6 /* TernaryBootcamp.swift */,
				8F1F61B1290348AB00AE31AB /* AnimationBootcamp.swift */,
				8F1F61B3290350F500AE31AB /* AnimationTimingBootcamp.swift */,
				8FCD667C2904A71100E13E31 /* TransitionBootcamp.swift */,
				8FCD667E2904AAEE00E13E31 /* SheetsBootcamp.swift */,
				8FCD66802904B1B000E13E31 /* PopoverBootcamp.swift */,
				8F5BE3EC29056D73006065B8 /* ListBootcamp.swift */,
				8FCD66822904C5C500E13E31 /* NavigationViewBootcamp.swift */,
				8F5BE3EE2905862D006065B8 /* AlertBootcamp.swift */,
				8F3F2C2F29064E90006E802A /* ActionsheetBootcamp.swift */,
				8F3F2C31290650A2006E802A /* ContextMenuBootcamp.swift */,
				8F3F2C332906575B006E802A /* TextFieldAndTextEditorBootcamp.swift */,
				8F3F2C3729065AE2006E802A /* ModelBootcamp.swift */,
				8F3F2C3529065916006E802A /* ToggleBootcamp.swift */,
				8F9539202907EFA500EA8659 /* ViewModelBootcamp.swift */,
				8F9539222908457600EA8659 /* EnvironmentObjectBootcamp.swift */,
				8F61FBA7290935D900F91F80 /* AppStorageBootcamp.swift */,
				8F1B74C4290D3E4600CF454C /* AsyncImageBootcamp.swift */,
				8F1B74C6290D51D700CF454C /* backgroundMaterialsBootcamp.swift */,
				8F385E7E290E0361006292A8 /* TextSelectionBootcamp.swift */,
				8F7360EC290F33A5008FDCF6 /* ButtonStylsBootcamp.swift */,
				8F7360EE290F390B008FDCF6 /* ListSwipeActionsButtonBootcamp.swift */,
				8F7360F0290F3B5C008FDCF6 /* BadgesBootcamp.swift */,
				8F3AB57D29107F4F009F900B /* FocusStateBootcamp.swift */,
				8F3AB57F291083D3009F900B /* SubmitTextFieldBootcamp.swift */,
				8FFBB904290AFD5F008EF69D /* OnboardingViews */,
			);
			path = begineerLevel;
			sourceTree = "<group>";
		};
		8F75990F2915FD75006350F1 /* IntermediateLevel */ = {
			isa = PBXGroup;
			children = (
				8F7599102915FDE8006350F1 /* LongPressGestureBootcamp.swift */,
				8F116C3129168DD1001F8709 /* MagnificationGestureBootcamp.swift */,
				8F116C3329169231001F8709 /* RotationGestureBootcamp.swift */,
				8F116C352916988E001F8709 /* DragGestureBootcamp.swift */,
				8F116C3729169CE6001F8709 /* DragGestureBootcamp2.swift */,
				8F116C392916F01B001F8709 /* ScrollViewReaderBootcamp.swift */,
			);
			path = IntermediateLevel;
			sourceTree = "<group>";
		};
		8FFBB904290AFD5F008EF69D /* OnboardingViews */ = {
			isa = PBXGroup;
			children = (
				8FFBB905290AFD9D008EF69D /* introView.swift */,
				8F1044A4290C30D400CBEA64 /* OnboardingView.swift */,
			);
			path = OnboardingViews;
			sourceTree = "<group>";
		};
/* End PBXGroup section */

/* Begin PBXNativeTarget section */
		8F3F02A628FC37A900751EF8 /* SwiftUIBootCamp */ = {
			isa = PBXNativeTarget;
			buildConfigurationList = 8F3F02BB28FC37A900751EF8 /* Build configuration list for PBXNativeTarget "SwiftUIBootCamp" */;
			buildPhases = (
				8F3F02A328FC37A900751EF8 /* Sources */,
				8F3F02A428FC37A900751EF8 /* Frameworks */,
				8F3F02A528FC37A900751EF8 /* Resources */,
			);
			buildRules = (
			);
			dependencies = (
			);
			name = SwiftUIBootCamp;
			productName = SwiftUIBootCamp;
			productReference = 8F3F02A728FC37A900751EF8 /* SwiftUIBootCamp.app */;
			productType = "com.apple.product-type.application";
		};
/* End PBXNativeTarget section */

/* Begin PBXProject section */
		8F3F029F28FC37A900751EF8 /* Project object */ = {
			isa = PBXProject;
			attributes = {
				BuildIndependentTargetsInParallel = 1;
				LastSwiftUpdateCheck = 1400;
				LastUpgradeCheck = 1400;
				TargetAttributes = {
					8F3F02A628FC37A900751EF8 = {
						CreatedOnToolsVersion = 14.0;
					};
				};
			};
			buildConfigurationList = 8F3F02A228FC37A900751EF8 /* Build configuration list for PBXProject "SwiftUIBootCamp" */;
			compatibilityVersion = "Xcode 14.0";
			developmentRegion = en;
			hasScannedForEncodings = 0;
			knownRegions = (
				en,
				Base,
			);
			mainGroup = 8F3F029E28FC37A900751EF8;
			productRefGroup = 8F3F02A828FC37A900751EF8 /* Products */;
			projectDirPath = "";
			projectRoot = "";
			targets = (
				8F3F02A628FC37A900751EF8 /* SwiftUIBootCamp */,
			);
		};
/* End PBXProject section */

/* Begin PBXResourcesBuildPhase section */
		8F3F02A528FC37A900751EF8 /* Resources */ = {
			isa = PBXResourcesBuildPhase;
			buildActionMask = 2147483647;
			files = (
				8F3F02B228FC37A900751EF8 /* Preview Assets.xcassets in Resources */,
				8F3F02AF28FC37A900751EF8 /* Assets.xcassets in Resources */,
			);
			runOnlyForDeploymentPostprocessing = 0;
		};
/* End PBXResourcesBuildPhase section */

/* Begin PBXSourcesBuildPhase section */
		8F3F02A328FC37A900751EF8 /* Sources */ = {
			isa = PBXSourcesBuildPhase;
			buildActionMask = 2147483647;
			files = (
				8F3F2C342906575B006E802A /* TextFieldAndTextEditorBootcamp.swift in Sources */,
				8F116C3829169CE6001F8709 /* DragGestureBootcamp2.swift in Sources */,
				8FFBB906290AFD9D008EF69D /* introView.swift in Sources */,
				8F3F02C928FC55E900751EF8 /* ImageBootcamp.swift in Sources */,
				8F7360EF290F390B008FDCF6 /* ListSwipeActionsButtonBootcamp.swift in Sources */,
				8F7360F1290F3B5C008FDCF6 /* BadgesBootcamp.swift in Sources */,
				8F1044A5290C30D400CBEA64 /* OnboardingView.swift in Sources */,
				8F3F02C528FC4ABD00751EF8 /* GradientsBootcamp.swift in Sources */,
				8F1AD83D2901E905006AF6FB /* ExtractedFunctionsBootcamp.swift in Sources */,
				8F6F1B49290342E6004D33A6 /* TernaryBootcamp.swift in Sources */,
				8F3F2C3029064E90006E802A /* ActionsheetBootcamp.swift in Sources */,
				8F3F02B728FC37A900751EF8 /* SwiftUIBootCamp.xcdatamodeld in Sources */,
				8F3F02B428FC37A900751EF8 /* Persistence.swift in Sources */,
				8F116C3429169231001F8709 /* RotationGestureBootcamp.swift in Sources */,
				8F3F02C328FC44A600751EF8 /* ColorsBootcamp.swift in Sources */,
				8FA36B252900B9B0007EE314 /* ButtonsBootcamp.swift in Sources */,
				8F3F02CD28FC9C6A00751EF8 /* BacgroundAndOverlayBootcamp.swift in Sources */,
				8FA36B232900B2E0007EE314 /* SafeAreaBootcamp.swift in Sources */,
				8F61FBA8290935D900F91F80 /* AppStorageBootcamp.swift in Sources */,
				8F9539212907EFA500EA8659 /* ViewModelBootcamp.swift in Sources */,
				8F7A0F3228FD1222003D76BE /* SpacerBootcamp.swift in Sources */,
				8F1F61B2290348AB00AE31AB /* AnimationBootcamp.swift in Sources */,
				8F116C3229168DD1001F8709 /* MagnificationGestureBootcamp.swift in Sources */,
				8F7599112915FDE8006350F1 /* LongPressGestureBootcamp.swift in Sources */,
				8F3F02AD28FC37A900751EF8 /* ContentView.swift in Sources */,
				8F3AB57E29107F4F009F900B /* FocusStateBootcamp.swift in Sources */,
				8F5BE3EF2905862D006065B8 /* AlertBootcamp.swift in Sources */,
				8F519E5328FDA175007F9CF2 /* GridBootcamp.swift in Sources */,
				8F116C362916988E001F8709 /* DragGestureBootcamp.swift in Sources */,
				8F1B74C5290D3E4600CF454C /* AsyncImageBootcamp.swift in Sources */,
				8F3F02AB28FC37A900751EF8 /* SwiftUIBootCampApp.swift in Sources */,
				8F3F02CB28FC584F00751EF8 /* FrameBootcamp.swift in Sources */,
				8FCD66812904B1B000E13E31 /* PopoverBootcamp.swift in Sources */,
				8F519E4F28FD8C0C007F9CF2 /* ForEachBootcamp.swift in Sources */,
				8F6F1B472902B079004D33A6 /* ConditionalBootcamp.swift in Sources */,
				8F1AD83B2901E015006AF6FB /* StateBootcamp.swift in Sources */,
				8F1B74C7290D51D700CF454C /* backgroundMaterialsBootcamp.swift in Sources */,
				8F5BE3ED29056D73006065B8 /* ListBootcamp.swift in Sources */,
				8F1AD83F2901EE98006AF6FB /* ExtractSubviewsBootcamp.swift in Sources */,
				8F3F02C728FC53E200751EF8 /* IconsBootcamp.swift in Sources */,
				8F6F1B452902A81F004D33A6 /* BindingBootcamp.swift in Sources */,
				8F519E5128FD90F3007F9CF2 /* ScrollViewBootcamp.swift in Sources */,
				8F3F02CF28FCA80000751EF8 /* StacksBootcamp.swift in Sources */,
				8F3F02C128FC3A5800751EF8 /* ShapesBootcamp.swift in Sources */,
				8F3F2C3629065916006E802A /* ToggleBootcamp.swift in Sources */,
				8F7360ED290F33A5008FDCF6 /* ButtonStylsBootcamp.swift in Sources */,
				8FCD667F2904AAEE00E13E31 /* SheetsBootcamp.swift in Sources */,
				8F385E7F290E0361006292A8 /* TextSelectionBootcamp.swift in Sources */,
				8F7A0F3428FD150A003D76BE /* InitializerBootcamp.swift in Sources */,
				8F7A0F3028FD0E52003D76BE /* PaddingAndSpacerBootcamp.swift in Sources */,
				8F9539232908457600EA8659 /* EnvironmentObjectBootcamp.swift in Sources */,
				8F116C3A2916F01B001F8709 /* ScrollViewReaderBootcamp.swift in Sources */,
				8FCD667D2904A71100E13E31 /* TransitionBootcamp.swift in Sources */,
				8F3F02BF28FC37DA00751EF8 /* TextBootcamp.swift in Sources */,
				8F3F2C3829065AE2006E802A /* ModelBootcamp.swift in Sources */,
				8F3F2C32290650A2006E802A /* ContextMenuBootcamp.swift in Sources */,
				8F1F61B4290350F500AE31AB /* AnimationTimingBootcamp.swift in Sources */,
				8F3AB580291083D3009F900B /* SubmitTextFieldBootcamp.swift in Sources */,
				8FCD66832904C5C500E13E31 /* NavigationViewBootcamp.swift in Sources */,
			);
			runOnlyForDeploymentPostprocessing = 0;
		};
/* End PBXSourcesBuildPhase section */

/* Begin XCBuildConfiguration section */
		8F3F02B928FC37A900751EF8 /* Debug */ = {
			isa = XCBuildConfiguration;
			buildSettings = {
				ALWAYS_SEARCH_USER_PATHS = NO;
				CLANG_ANALYZER_NONNULL = YES;
				CLANG_ANALYZER_NUMBER_OBJECT_CONVERSION = YES_AGGRESSIVE;
				CLANG_CXX_LANGUAGE_STANDARD = "gnu++20";
				CLANG_ENABLE_MODULES = YES;
				CLANG_ENABLE_OBJC_ARC = YES;
				CLANG_ENABLE_OBJC_WEAK = YES;
				CLANG_WARN_BLOCK_CAPTURE_AUTORELEASING = YES;
				CLANG_WARN_BOOL_CONVERSION = YES;
				CLANG_WARN_COMMA = YES;
				CLANG_WARN_CONSTANT_CONVERSION = YES;
				CLANG_WARN_DEPRECATED_OBJC_IMPLEMENTATIONS = YES;
				CLANG_WARN_DIRECT_OBJC_ISA_USAGE = YES_ERROR;
				CLANG_WARN_DOCUMENTATION_COMMENTS = YES;
				CLANG_WARN_EMPTY_BODY = YES;
				CLANG_WARN_ENUM_CONVERSION = YES;
				CLANG_WARN_INFINITE_RECURSION = YES;
				CLANG_WARN_INT_CONVERSION = YES;
				CLANG_WARN_NON_LITERAL_NULL_CONVERSION = YES;
				CLANG_WARN_OBJC_IMPLICIT_RETAIN_SELF = YES;
				CLANG_WARN_OBJC_LITERAL_CONVERSION = YES;
				CLANG_WARN_OBJC_ROOT_CLASS = YES_ERROR;
				CLANG_WARN_QUOTED_INCLUDE_IN_FRAMEWORK_HEADER = YES;
				CLANG_WARN_RANGE_LOOP_ANALYSIS = YES;
				CLANG_WARN_STRICT_PROTOTYPES = YES;
				CLANG_WARN_SUSPICIOUS_MOVE = YES;
				CLANG_WARN_UNGUARDED_AVAILABILITY = YES_AGGRESSIVE;
				CLANG_WARN_UNREACHABLE_CODE = YES;
				CLANG_WARN__DUPLICATE_METHOD_MATCH = YES;
				COPY_PHASE_STRIP = NO;
				DEBUG_INFORMATION_FORMAT = dwarf;
				ENABLE_STRICT_OBJC_MSGSEND = YES;
				ENABLE_TESTABILITY = YES;
				GCC_C_LANGUAGE_STANDARD = gnu11;
				GCC_DYNAMIC_NO_PIC = NO;
				GCC_NO_COMMON_BLOCKS = YES;
				GCC_OPTIMIZATION_LEVEL = 0;
				GCC_PREPROCESSOR_DEFINITIONS = (
					"DEBUG=1",
					"$(inherited)",
				);
				GCC_WARN_64_TO_32_BIT_CONVERSION = YES;
				GCC_WARN_ABOUT_RETURN_TYPE = YES_ERROR;
				GCC_WARN_UNDECLARED_SELECTOR = YES;
				GCC_WARN_UNINITIALIZED_AUTOS = YES_AGGRESSIVE;
				GCC_WARN_UNUSED_FUNCTION = YES;
				GCC_WARN_UNUSED_VARIABLE = YES;
				IPHONEOS_DEPLOYMENT_TARGET = 16.0;
				MTL_ENABLE_DEBUG_INFO = INCLUDE_SOURCE;
				MTL_FAST_MATH = YES;
				ONLY_ACTIVE_ARCH = YES;
				SDKROOT = iphoneos;
				SWIFT_ACTIVE_COMPILATION_CONDITIONS = DEBUG;
				SWIFT_OPTIMIZATION_LEVEL = "-Onone";
			};
			name = Debug;
		};
		8F3F02BA28FC37A900751EF8 /* Release */ = {
			isa = XCBuildConfiguration;
			buildSettings = {
				ALWAYS_SEARCH_USER_PATHS = NO;
				CLANG_ANALYZER_NONNULL = YES;
				CLANG_ANALYZER_NUMBER_OBJECT_CONVERSION = YES_AGGRESSIVE;
				CLANG_CXX_LANGUAGE_STANDARD = "gnu++20";
				CLANG_ENABLE_MODULES = YES;
				CLANG_ENABLE_OBJC_ARC = YES;
				CLANG_ENABLE_OBJC_WEAK = YES;
				CLANG_WARN_BLOCK_CAPTURE_AUTORELEASING = YES;
				CLANG_WARN_BOOL_CONVERSION = YES;
				CLANG_WARN_COMMA = YES;
				CLANG_WARN_CONSTANT_CONVERSION = YES;
				CLANG_WARN_DEPRECATED_OBJC_IMPLEMENTATIONS = YES;
				CLANG_WARN_DIRECT_OBJC_ISA_USAGE = YES_ERROR;
				CLANG_WARN_DOCUMENTATION_COMMENTS = YES;
				CLANG_WARN_EMPTY_BODY = YES;
				CLANG_WARN_ENUM_CONVERSION = YES;
				CLANG_WARN_INFINITE_RECURSION = YES;
				CLANG_WARN_INT_CONVERSION = YES;
				CLANG_WARN_NON_LITERAL_NULL_CONVERSION = YES;
				CLANG_WARN_OBJC_IMPLICIT_RETAIN_SELF = YES;
				CLANG_WARN_OBJC_LITERAL_CONVERSION = YES;
				CLANG_WARN_OBJC_ROOT_CLASS = YES_ERROR;
				CLANG_WARN_QUOTED_INCLUDE_IN_FRAMEWORK_HEADER = YES;
				CLANG_WARN_RANGE_LOOP_ANALYSIS = YES;
				CLANG_WARN_STRICT_PROTOTYPES = YES;
				CLANG_WARN_SUSPICIOUS_MOVE = YES;
				CLANG_WARN_UNGUARDED_AVAILABILITY = YES_AGGRESSIVE;
				CLANG_WARN_UNREACHABLE_CODE = YES;
				CLANG_WARN__DUPLICATE_METHOD_MATCH = YES;
				COPY_PHASE_STRIP = NO;
				DEBUG_INFORMATION_FORMAT = "dwarf-with-dsym";
				ENABLE_NS_ASSERTIONS = NO;
				ENABLE_STRICT_OBJC_MSGSEND = YES;
				GCC_C_LANGUAGE_STANDARD = gnu11;
				GCC_NO_COMMON_BLOCKS = YES;
				GCC_WARN_64_TO_32_BIT_CONVERSION = YES;
				GCC_WARN_ABOUT_RETURN_TYPE = YES_ERROR;
				GCC_WARN_UNDECLARED_SELECTOR = YES;
				GCC_WARN_UNINITIALIZED_AUTOS = YES_AGGRESSIVE;
				GCC_WARN_UNUSED_FUNCTION = YES;
				GCC_WARN_UNUSED_VARIABLE = YES;
				IPHONEOS_DEPLOYMENT_TARGET = 16.0;
				MTL_ENABLE_DEBUG_INFO = NO;
				MTL_FAST_MATH = YES;
				SDKROOT = iphoneos;
				SWIFT_COMPILATION_MODE = wholemodule;
				SWIFT_OPTIMIZATION_LEVEL = "-O";
				VALIDATE_PRODUCT = YES;
			};
			name = Release;
		};
		8F3F02BC28FC37A900751EF8 /* Debug */ = {
			isa = XCBuildConfiguration;
			buildSettings = {
				ASSETCATALOG_COMPILER_APPICON_NAME = AppIcon;
				ASSETCATALOG_COMPILER_GLOBAL_ACCENT_COLOR_NAME = AccentColor;
				CODE_SIGN_STYLE = Automatic;
				CURRENT_PROJECT_VERSION = 1;
				DEVELOPMENT_ASSET_PATHS = "\"SwiftUIBootCamp/Preview Content\"";
				DEVELOPMENT_TEAM = M2577439UV;
				ENABLE_PREVIEWS = YES;
				GENERATE_INFOPLIST_FILE = YES;
				INFOPLIST_KEY_UIApplicationSceneManifest_Generation = YES;
				INFOPLIST_KEY_UIApplicationSupportsIndirectInputEvents = YES;
				INFOPLIST_KEY_UILaunchScreen_Generation = YES;
				INFOPLIST_KEY_UISupportedInterfaceOrientations_iPad = "UIInterfaceOrientationPortrait UIInterfaceOrientationPortraitUpsideDown UIInterfaceOrientationLandscapeLeft UIInterfaceOrientationLandscapeRight";
				INFOPLIST_KEY_UISupportedInterfaceOrientations_iPhone = "UIInterfaceOrientationPortrait UIInterfaceOrientationLandscapeLeft UIInterfaceOrientationLandscapeRight";
				LD_RUNPATH_SEARCH_PATHS = (
					"$(inherited)",
					"@executable_path/Frameworks",
				);
				MARKETING_VERSION = 1.0;
				PRODUCT_BUNDLE_IDENTIFIER = com.cihangirtuncer.SwiftUIBootCamp;
				PRODUCT_NAME = "$(TARGET_NAME)";
				SWIFT_EMIT_LOC_STRINGS = YES;
				SWIFT_VERSION = 5.0;
				TARGETED_DEVICE_FAMILY = "1,2";
			};
			name = Debug;
		};
		8F3F02BD28FC37A900751EF8 /* Release */ = {
			isa = XCBuildConfiguration;
			buildSettings = {
				ASSETCATALOG_COMPILER_APPICON_NAME = AppIcon;
				ASSETCATALOG_COMPILER_GLOBAL_ACCENT_COLOR_NAME = AccentColor;
				CODE_SIGN_STYLE = Automatic;
				CURRENT_PROJECT_VERSION = 1;
				DEVELOPMENT_ASSET_PATHS = "\"SwiftUIBootCamp/Preview Content\"";
				DEVELOPMENT_TEAM = M2577439UV;
				ENABLE_PREVIEWS = YES;
				GENERATE_INFOPLIST_FILE = YES;
				INFOPLIST_KEY_UIApplicationSceneManifest_Generation = YES;
				INFOPLIST_KEY_UIApplicationSupportsIndirectInputEvents = YES;
				INFOPLIST_KEY_UILaunchScreen_Generation = YES;
				INFOPLIST_KEY_UISupportedInterfaceOrientations_iPad = "UIInterfaceOrientationPortrait UIInterfaceOrientationPortraitUpsideDown UIInterfaceOrientationLandscapeLeft UIInterfaceOrientationLandscapeRight";
				INFOPLIST_KEY_UISupportedInterfaceOrientations_iPhone = "UIInterfaceOrientationPortrait UIInterfaceOrientationLandscapeLeft UIInterfaceOrientationLandscapeRight";
				LD_RUNPATH_SEARCH_PATHS = (
					"$(inherited)",
					"@executable_path/Frameworks",
				);
				MARKETING_VERSION = 1.0;
				PRODUCT_BUNDLE_IDENTIFIER = com.cihangirtuncer.SwiftUIBootCamp;
				PRODUCT_NAME = "$(TARGET_NAME)";
				SWIFT_EMIT_LOC_STRINGS = YES;
				SWIFT_VERSION = 5.0;
				TARGETED_DEVICE_FAMILY = "1,2";
			};
			name = Release;
		};
/* End XCBuildConfiguration section */

/* Begin XCConfigurationList section */
		8F3F02A228FC37A900751EF8 /* Build configuration list for PBXProject "SwiftUIBootCamp" */ = {
			isa = XCConfigurationList;
			buildConfigurations = (
				8F3F02B928FC37A900751EF8 /* Debug */,
				8F3F02BA28FC37A900751EF8 /* Release */,
			);
			defaultConfigurationIsVisible = 0;
			defaultConfigurationName = Release;
		};
		8F3F02BB28FC37A900751EF8 /* Build configuration list for PBXNativeTarget "SwiftUIBootCamp" */ = {
			isa = XCConfigurationList;
			buildConfigurations = (
				8F3F02BC28FC37A900751EF8 /* Debug */,
				8F3F02BD28FC37A900751EF8 /* Release */,
			);
			defaultConfigurationIsVisible = 0;
			defaultConfigurationName = Release;
		};
/* End XCConfigurationList section */

/* Begin XCVersionGroup section */
		8F3F02B528FC37A900751EF8 /* SwiftUIBootCamp.xcdatamodeld */ = {
			isa = XCVersionGroup;
			children = (
				8F3F02B628FC37A900751EF8 /* SwiftUIBootCamp.xcdatamodel */,
			);
			currentVersion = 8F3F02B628FC37A900751EF8 /* SwiftUIBootCamp.xcdatamodel */;
			path = SwiftUIBootCamp.xcdatamodeld;
			sourceTree = "<group>";
			versionGroupType = wrapper.xcdatamodel;
		};
/* End XCVersionGroup section */
	};
	rootObject = 8F3F029F28FC37A900751EF8 /* Project object */;
}
